
Microsoft Visual Studio Solution File, Format Version 11.00
# Visual Studio 2010
Project("{E24C65DC-7377-472B-9ABA-BC803B73C61A}") = "BallyglassThatchedCottage.com", "..\BallyglassThatchedCottage.com", "{E2F369B0-2D95-422A-AFDD-4E6715F5FC33}"
	ProjectSection(WebsiteProperties) = preProject
		TargetFrameworkMoniker = ".NETFramework,Version%3Dv4.0"
		Debug.AspNetCompiler.VirtualPath = "/BallyglassThatchedCottage.com"
		Debug.AspNetCompiler.PhysicalPath = "..\BallyglassThatchedCottage.com\"
		Debug.AspNetCompiler.TargetPath = "PrecompiledWeb\BallyglassThatchedCottage.com\"
		Debug.AspNetCompiler.Updateable = "true"
		Debug.AspNetCompiler.ForceOverwrite = "true"
		Debug.AspNetCompiler.FixedNames = "false"
		Debug.AspNetCompiler.Debug = "True"
		Release.AspNetCompiler.VirtualPath = "/BallyglassThatchedCottage.com"
		Release.AspNetCompiler.PhysicalPath = "..\BallyglassThatchedCottage.com\"
		Release.AspNetCompiler.TargetPath = "PrecompiledWeb\BallyglassThatchedCottage.com\"
		Release.AspNetCompiler.Updateable = "true"
		Release.AspNetCompiler.ForceOverwrite = "true"
		Release.AspNetCompiler.FixedNames = "false"
		Release.AspNetCompiler.Debug = "False"
		VWDPort = "43281"
	EndProjectSection
EndProject
Global
	GlobalSection(SolutionConfigurationPlatforms) = preSolution
		Debug|Any CPU = Debug|Any CPU
	EndGlobalSection
	GlobalSection(ProjectConfigurationPlatforms) = postSolution
		{E2F369B0-2D95-422A-AFDD-4E6715F5FC33}.Debug|Any CPU.ActiveCfg = Debug|Any CPU
		{E2F369B0-2D95-422A-AFDD-4E6715F5FC33}.Debug|Any CPU.Build.0 = Debug|Any CPU
	EndGlobalSection
	GlobalSection(SolutionProperties) = preSolution
		HideSolutionNode = FALSE
	EndGlobalSection
EndGlobal
